
Microsoft Visual Studio Solution File, Format Version 12.00
# Visual Studio 15
VisualStudioVersion = 15.0.27130.2020
MinimumVisualStudioVersion = 10.0.40219.1
Project("{FAE04EC0-301F-11D3-BF4B-00C04F79EFBC}") = "server", "server\server.csproj", "{59FD5D82-720E-4E76-85A4-EEB92AEEBA94}"
EndProject
Project("{FAE04EC0-301F-11D3-BF4B-00C04F79EFBC}") = "WhatFits.Models", "WhatFits.Models\WhatFits.Models.csproj", "{C5B34735-758A-4DED-BB26-005DF2306766}"
EndProject
Global
	GlobalSection(SolutionConfigurationPlatforms) = preSolution
		Debug|Any CPU = Debug|Any CPU
		Release|Any CPU = Release|Any CPU
	EndGlobalSection
	GlobalSection(ProjectConfigurationPlatforms) = postSolution
		{59FD5D82-720E-4E76-85A4-EEB92AEEBA94}.Debug|Any CPU.ActiveCfg = Debug|Any CPU
		{59FD5D82-720E-4E76-85A4-EEB92AEEBA94}.Debug|Any CPU.Build.0 = Debug|Any CPU
		{59FD5D82-720E-4E76-85A4-EEB92AEEBA94}.Release|Any CPU.ActiveCfg = Release|Any CPU
		{59FD5D82-720E-4E76-85A4-EEB92AEEBA94}.Release|Any CPU.Build.0 = Release|Any CPU
		{C5B34735-758A-4DED-BB26-005DF2306766}.Debug|Any CPU.ActiveCfg = Debug|Any CPU
		{C5B34735-758A-4DED-BB26-005DF2306766}.Debug|Any CPU.Build.0 = Debug|Any CPU
		{C5B34735-758A-4DED-BB26-005DF2306766}.Release|Any CPU.ActiveCfg = Release|Any CPU
		{C5B34735-758A-4DED-BB26-005DF2306766}.Release|Any CPU.Build.0 = Release|Any CPU
	EndGlobalSection
	GlobalSection(SolutionProperties) = preSolution
		HideSolutionNode = FALSE
	EndGlobalSection
	GlobalSection(ExtensibilityGlobals) = postSolution
		SolutionGuid = {1A5089E4-2293-4212-9249-5B5596044511}
	EndGlobalSection
EndGlobal
