<<<<<<< HEAD
﻿
Microsoft Visual Studio Solution File, Format Version 12.00
# Visual Studio 15
VisualStudioVersion = 15.0.27130.2020
MinimumVisualStudioVersion = 10.0.40219.1
Project("{FAE04EC0-301F-11D3-BF4B-00C04F79EFBC}") = "server", "server\server.csproj", "{59FD5D82-720E-4E76-85A4-EEB92AEEBA94}"
EndProject
Project("{FAE04EC0-301F-11D3-BF4B-00C04F79EFBC}") = "Whatfits.Models", "Whatfits.Models\Whatfits.Models.csproj", "{7CCDA19C-9B92-4029-A6CA-529599ACDEB4}"
EndProject
Project("{FAE04EC0-301F-11D3-BF4B-00C04F79EFBC}") = "Whatfits.DataAccess", "Whatfits.Gateways\Whatfits.DataAccess.csproj", "{7E234319-0927-48B6-B3F2-0C96D169C55D}"
EndProject
Project("{FAE04EC0-301F-11D3-BF4B-00C04F79EFBC}") = "Gateway.Tests", "Gateway.Tests\Gateway.Tests.csproj", "{E918131E-A811-42C1-A2F9-CF2784CA71E4}"
EndProject
Global
	GlobalSection(SolutionConfigurationPlatforms) = preSolution
		Debug|Any CPU = Debug|Any CPU
		Release|Any CPU = Release|Any CPU
	EndGlobalSection
	GlobalSection(ProjectConfigurationPlatforms) = postSolution
		{59FD5D82-720E-4E76-85A4-EEB92AEEBA94}.Debug|Any CPU.ActiveCfg = Debug|Any CPU
		{59FD5D82-720E-4E76-85A4-EEB92AEEBA94}.Debug|Any CPU.Build.0 = Debug|Any CPU
		{59FD5D82-720E-4E76-85A4-EEB92AEEBA94}.Release|Any CPU.ActiveCfg = Release|Any CPU
		{59FD5D82-720E-4E76-85A4-EEB92AEEBA94}.Release|Any CPU.Build.0 = Release|Any CPU
		{7CCDA19C-9B92-4029-A6CA-529599ACDEB4}.Debug|Any CPU.ActiveCfg = Debug|Any CPU
		{7CCDA19C-9B92-4029-A6CA-529599ACDEB4}.Debug|Any CPU.Build.0 = Debug|Any CPU
		{7CCDA19C-9B92-4029-A6CA-529599ACDEB4}.Release|Any CPU.ActiveCfg = Release|Any CPU
		{7CCDA19C-9B92-4029-A6CA-529599ACDEB4}.Release|Any CPU.Build.0 = Release|Any CPU
		{7E234319-0927-48B6-B3F2-0C96D169C55D}.Debug|Any CPU.ActiveCfg = Debug|Any CPU
		{7E234319-0927-48B6-B3F2-0C96D169C55D}.Debug|Any CPU.Build.0 = Debug|Any CPU
		{7E234319-0927-48B6-B3F2-0C96D169C55D}.Release|Any CPU.ActiveCfg = Release|Any CPU
		{7E234319-0927-48B6-B3F2-0C96D169C55D}.Release|Any CPU.Build.0 = Release|Any CPU
		{E918131E-A811-42C1-A2F9-CF2784CA71E4}.Debug|Any CPU.ActiveCfg = Debug|Any CPU
		{E918131E-A811-42C1-A2F9-CF2784CA71E4}.Debug|Any CPU.Build.0 = Debug|Any CPU
		{E918131E-A811-42C1-A2F9-CF2784CA71E4}.Release|Any CPU.ActiveCfg = Release|Any CPU
		{E918131E-A811-42C1-A2F9-CF2784CA71E4}.Release|Any CPU.Build.0 = Release|Any CPU
	EndGlobalSection
	GlobalSection(SolutionProperties) = preSolution
		HideSolutionNode = FALSE
	EndGlobalSection
	GlobalSection(ExtensibilityGlobals) = postSolution
		SolutionGuid = {1A5089E4-2293-4212-9249-5B5596044511}
	EndGlobalSection
EndGlobal
=======
﻿
Microsoft Visual Studio Solution File, Format Version 12.00
# Visual Studio 15
VisualStudioVersion = 15.0.27130.2027
MinimumVisualStudioVersion = 10.0.40219.1
Project("{FAE04EC0-301F-11D3-BF4B-00C04F79EFBC}") = "server", "server\server.csproj", "{283325FC-F16B-46AD-9137-A6158D0AD1D4}"
EndProject
Global
	GlobalSection(SolutionConfigurationPlatforms) = preSolution
		Debug|Any CPU = Debug|Any CPU
		Release|Any CPU = Release|Any CPU
	EndGlobalSection
	GlobalSection(ProjectConfigurationPlatforms) = postSolution
		{283325FC-F16B-46AD-9137-A6158D0AD1D4}.Debug|Any CPU.ActiveCfg = Debug|Any CPU
		{283325FC-F16B-46AD-9137-A6158D0AD1D4}.Debug|Any CPU.Build.0 = Debug|Any CPU
		{283325FC-F16B-46AD-9137-A6158D0AD1D4}.Release|Any CPU.ActiveCfg = Release|Any CPU
		{283325FC-F16B-46AD-9137-A6158D0AD1D4}.Release|Any CPU.Build.0 = Release|Any CPU
	EndGlobalSection
	GlobalSection(SolutionProperties) = preSolution
		HideSolutionNode = FALSE
	EndGlobalSection
	GlobalSection(ExtensibilityGlobals) = postSolution
		SolutionGuid = {4D62435F-1FCA-4597-96A4-AF90635654A6}
	EndGlobalSection
EndGlobal
>>>>>>> master
