
Microsoft Visual Studio Solution File, Format Version 12.00
# Visual Studio 15
VisualStudioVersion = 15.0.27130.2020
MinimumVisualStudioVersion = 10.0.40219.1
Project("{FAE04EC0-301F-11D3-BF4B-00C04F79EFBC}") = "server", "server\server.csproj", "{283325FC-F16B-46AD-9137-A6158D0AD1D4}"
EndProject
Project("{2150E333-8FDC-42A3-9474-1A3956D46DE8}") = "User Access Control", "User Access Control", "{D0FF923D-B0D0-4556-AB51-40F6204BD9AA}"
EndProject
Project("{FAE04EC0-301F-11D3-BF4B-00C04F79EFBC}") = "Whatfits.UserAccessControl.Test", "Whatfits.UserAccessControl.Test\Whatfits.UserAccessControl.Test.csproj", "{F5D7A161-EC33-4AD0-9009-55AECBE70F4B}"
EndProject
Project("{2150E333-8FDC-42A3-9474-1A3956D46DE8}") = "Security", "Security", "{67765B86-DD0F-400A-98A1-4F4AC7CDEE7D}"
EndProject
Project("{FAE04EC0-301F-11D3-BF4B-00C04F79EFBC}") = "Whatfits.JsonWebToken", "Whatfits.JsonWebToken\Whatfits.JsonWebToken.csproj", "{C0325899-07D9-47F8-B890-561A78A1E8D0}"
EndProject
Project("{FAE04EC0-301F-11D3-BF4B-00C04F79EFBC}") = "Whatfits.Models", "Whatfits.Models\Whatfits.Models.csproj", "{7CCDA19C-9B92-4029-A6CA-529599ACDEB4}"
EndProject
Project("{FAE04EC0-301F-11D3-BF4B-00C04F79EFBC}") = "Whatfits.DataAccess", "Whatfits.Gateways\Whatfits.DataAccess.csproj", "{7E234319-0927-48B6-B3F2-0C96D169C55D}"
EndProject
Project("{2150E333-8FDC-42A3-9474-1A3956D46DE8}") = "Data Access Layer", "Data Access Layer", "{424E4172-E786-40CF-BAED-4A6DB0D0ED96}"
EndProject
Project("{FAE04EC0-301F-11D3-BF4B-00C04F79EFBC}") = "Whatfits.UserAccessControl", "Whatfits.UserAccessControl\Whatfits.UserAccessControl.csproj", "{0CE3E9E9-95E4-449E-ABDB-7AB4F8D72243}"
EndProject
Project("{FAE04EC0-301F-11D3-BF4B-00C04F79EFBC}") = "Gateway.Tester", "Gateway.Tester\Gateway.Tester.csproj", "{71F0B26F-A8D9-497A-A9E7-ED33286F5CAD}"
EndProject
Project("{FAE04EC0-301F-11D3-BF4B-00C04F79EFBC}") = "Whatfits.Hash", "Whatfits.Hash\Whatfits.Hash.csproj", "{8CC680DF-550A-4E98-82EC-DF265A5869FC}"
EndProject
Project("{2150E333-8FDC-42A3-9474-1A3956D46DE8}") = "Tests", "Tests", "{1FA48C23-E64B-4294-A8A8-F0F2128EB974}"
EndProject
Project("{FAE04EC0-301F-11D3-BF4B-00C04F79EFBC}") = "RegistrationTests", "RegistrationTests\RegistrationTests.csproj", "{14ED4223-FAA8-4281-B291-05B56E6530B3}"
EndProject
Global
	GlobalSection(SolutionConfigurationPlatforms) = preSolution
		Debug|Any CPU = Debug|Any CPU
		Release|Any CPU = Release|Any CPU
	EndGlobalSection
	GlobalSection(ProjectConfigurationPlatforms) = postSolution
		{283325FC-F16B-46AD-9137-A6158D0AD1D4}.Debug|Any CPU.ActiveCfg = Debug|Any CPU
		{283325FC-F16B-46AD-9137-A6158D0AD1D4}.Debug|Any CPU.Build.0 = Debug|Any CPU
		{283325FC-F16B-46AD-9137-A6158D0AD1D4}.Release|Any CPU.ActiveCfg = Release|Any CPU
		{283325FC-F16B-46AD-9137-A6158D0AD1D4}.Release|Any CPU.Build.0 = Release|Any CPU
		{F5D7A161-EC33-4AD0-9009-55AECBE70F4B}.Debug|Any CPU.ActiveCfg = Debug|Any CPU
		{F5D7A161-EC33-4AD0-9009-55AECBE70F4B}.Debug|Any CPU.Build.0 = Debug|Any CPU
		{F5D7A161-EC33-4AD0-9009-55AECBE70F4B}.Release|Any CPU.ActiveCfg = Release|Any CPU
		{F5D7A161-EC33-4AD0-9009-55AECBE70F4B}.Release|Any CPU.Build.0 = Release|Any CPU
		{C0325899-07D9-47F8-B890-561A78A1E8D0}.Debug|Any CPU.ActiveCfg = Debug|Any CPU
		{C0325899-07D9-47F8-B890-561A78A1E8D0}.Debug|Any CPU.Build.0 = Debug|Any CPU
		{C0325899-07D9-47F8-B890-561A78A1E8D0}.Release|Any CPU.ActiveCfg = Release|Any CPU
		{C0325899-07D9-47F8-B890-561A78A1E8D0}.Release|Any CPU.Build.0 = Release|Any CPU
		{7CCDA19C-9B92-4029-A6CA-529599ACDEB4}.Debug|Any CPU.ActiveCfg = Debug|Any CPU
		{7CCDA19C-9B92-4029-A6CA-529599ACDEB4}.Debug|Any CPU.Build.0 = Debug|Any CPU
		{7CCDA19C-9B92-4029-A6CA-529599ACDEB4}.Release|Any CPU.ActiveCfg = Release|Any CPU
		{7CCDA19C-9B92-4029-A6CA-529599ACDEB4}.Release|Any CPU.Build.0 = Release|Any CPU
		{7E234319-0927-48B6-B3F2-0C96D169C55D}.Debug|Any CPU.ActiveCfg = Debug|Any CPU
		{7E234319-0927-48B6-B3F2-0C96D169C55D}.Debug|Any CPU.Build.0 = Debug|Any CPU
		{7E234319-0927-48B6-B3F2-0C96D169C55D}.Release|Any CPU.ActiveCfg = Release|Any CPU
		{7E234319-0927-48B6-B3F2-0C96D169C55D}.Release|Any CPU.Build.0 = Release|Any CPU
		{0CE3E9E9-95E4-449E-ABDB-7AB4F8D72243}.Debug|Any CPU.ActiveCfg = Debug|Any CPU
		{0CE3E9E9-95E4-449E-ABDB-7AB4F8D72243}.Debug|Any CPU.Build.0 = Debug|Any CPU
		{0CE3E9E9-95E4-449E-ABDB-7AB4F8D72243}.Release|Any CPU.ActiveCfg = Release|Any CPU
		{0CE3E9E9-95E4-449E-ABDB-7AB4F8D72243}.Release|Any CPU.Build.0 = Release|Any CPU
		{71F0B26F-A8D9-497A-A9E7-ED33286F5CAD}.Debug|Any CPU.ActiveCfg = Debug|Any CPU
		{71F0B26F-A8D9-497A-A9E7-ED33286F5CAD}.Debug|Any CPU.Build.0 = Debug|Any CPU
		{71F0B26F-A8D9-497A-A9E7-ED33286F5CAD}.Release|Any CPU.ActiveCfg = Release|Any CPU
		{71F0B26F-A8D9-497A-A9E7-ED33286F5CAD}.Release|Any CPU.Build.0 = Release|Any CPU
		{8CC680DF-550A-4E98-82EC-DF265A5869FC}.Debug|Any CPU.ActiveCfg = Debug|Any CPU
		{8CC680DF-550A-4E98-82EC-DF265A5869FC}.Debug|Any CPU.Build.0 = Debug|Any CPU
		{8CC680DF-550A-4E98-82EC-DF265A5869FC}.Release|Any CPU.ActiveCfg = Release|Any CPU
		{8CC680DF-550A-4E98-82EC-DF265A5869FC}.Release|Any CPU.Build.0 = Release|Any CPU
		{14ED4223-FAA8-4281-B291-05B56E6530B3}.Debug|Any CPU.ActiveCfg = Debug|Any CPU
		{14ED4223-FAA8-4281-B291-05B56E6530B3}.Debug|Any CPU.Build.0 = Debug|Any CPU
		{14ED4223-FAA8-4281-B291-05B56E6530B3}.Release|Any CPU.ActiveCfg = Release|Any CPU
		{14ED4223-FAA8-4281-B291-05B56E6530B3}.Release|Any CPU.Build.0 = Release|Any CPU
	EndGlobalSection
	GlobalSection(SolutionProperties) = preSolution
		HideSolutionNode = FALSE
	EndGlobalSection
	GlobalSection(NestedProjects) = preSolution
		{F5D7A161-EC33-4AD0-9009-55AECBE70F4B} = {D0FF923D-B0D0-4556-AB51-40F6204BD9AA}
		{C0325899-07D9-47F8-B890-561A78A1E8D0} = {67765B86-DD0F-400A-98A1-4F4AC7CDEE7D}
		{7CCDA19C-9B92-4029-A6CA-529599ACDEB4} = {424E4172-E786-40CF-BAED-4A6DB0D0ED96}
		{7E234319-0927-48B6-B3F2-0C96D169C55D} = {424E4172-E786-40CF-BAED-4A6DB0D0ED96}
		{0CE3E9E9-95E4-449E-ABDB-7AB4F8D72243} = {D0FF923D-B0D0-4556-AB51-40F6204BD9AA}
		{71F0B26F-A8D9-497A-A9E7-ED33286F5CAD} = {424E4172-E786-40CF-BAED-4A6DB0D0ED96}
		{8CC680DF-550A-4E98-82EC-DF265A5869FC} = {67765B86-DD0F-400A-98A1-4F4AC7CDEE7D}
		{14ED4223-FAA8-4281-B291-05B56E6530B3} = {1FA48C23-E64B-4294-A8A8-F0F2128EB974}
	EndGlobalSection
	GlobalSection(ExtensibilityGlobals) = postSolution
		SolutionGuid = {4D62435F-1FCA-4597-96A4-AF90635654A6}
	EndGlobalSection
EndGlobal
